
Microsoft Visual Studio Solution File, Format Version 12.00
# Visual Studio Version 17
VisualStudioVersion = 17.6.33717.318
MinimumVisualStudioVersion = 10.0.40219.1
Project("{2150E333-8FDC-42A3-9474-1A3956D46DE8}") = "src", "src", "{CF0736A3-FB45-4380-9BC0-8E3FD7EB21D4}"
EndProject
Project("{2150E333-8FDC-42A3-9474-1A3956D46DE8}") = "tests", "tests", "{42C5EC3D-FE29-4D03-8D70-026980C432D1}"
EndProject
Project("{9A19103F-16F7-4668-BE54-9A1E7A4F7556}") = "LocaCar.Tests.Integration", "tests\LocaCar.Tests.Integration\LocaCar.Tests.Integration.csproj", "{8E8542AD-3D96-48C8-BDA1-186E28AD8075}"
EndProject
Project("{9A19103F-16F7-4668-BE54-9A1E7A4F7556}") = "LocaCar.Tests.Unit", "tests\LocaCar.Tests.Unit\LocaCar.Tests.Unit.csproj", "{E6D0322A-CE5E-477B-A91D-CF464666519B}"
EndProject
Project("{9A19103F-16F7-4668-BE54-9A1E7A4F7556}") = "LocaCar.Api", "src\LocaCar.Api\LocaCar.Api.csproj", "{5907D6C7-46AB-4C8D-B508-4A4BC43DD1F3}"
EndProject
Global
	GlobalSection(SolutionConfigurationPlatforms) = preSolution
		Debug|Any CPU = Debug|Any CPU
		Release|Any CPU = Release|Any CPU
	EndGlobalSection
	GlobalSection(ProjectConfigurationPlatforms) = postSolution
		{8E8542AD-3D96-48C8-BDA1-186E28AD8075}.Debug|Any CPU.ActiveCfg = Debug|Any CPU
		{8E8542AD-3D96-48C8-BDA1-186E28AD8075}.Debug|Any CPU.Build.0 = Debug|Any CPU
		{8E8542AD-3D96-48C8-BDA1-186E28AD8075}.Release|Any CPU.ActiveCfg = Release|Any CPU
		{8E8542AD-3D96-48C8-BDA1-186E28AD8075}.Release|Any CPU.Build.0 = Release|Any CPU
		{E6D0322A-CE5E-477B-A91D-CF464666519B}.Debug|Any CPU.ActiveCfg = Debug|Any CPU
		{E6D0322A-CE5E-477B-A91D-CF464666519B}.Debug|Any CPU.Build.0 = Debug|Any CPU
		{E6D0322A-CE5E-477B-A91D-CF464666519B}.Release|Any CPU.ActiveCfg = Release|Any CPU
		{E6D0322A-CE5E-477B-A91D-CF464666519B}.Release|Any CPU.Build.0 = Release|Any CPU
		{5907D6C7-46AB-4C8D-B508-4A4BC43DD1F3}.Debug|Any CPU.ActiveCfg = Debug|Any CPU
		{5907D6C7-46AB-4C8D-B508-4A4BC43DD1F3}.Debug|Any CPU.Build.0 = Debug|Any CPU
		{5907D6C7-46AB-4C8D-B508-4A4BC43DD1F3}.Release|Any CPU.ActiveCfg = Release|Any CPU
		{5907D6C7-46AB-4C8D-B508-4A4BC43DD1F3}.Release|Any CPU.Build.0 = Release|Any CPU
	EndGlobalSection
	GlobalSection(SolutionProperties) = preSolution
		HideSolutionNode = FALSE
	EndGlobalSection
	GlobalSection(NestedProjects) = preSolution
		{8E8542AD-3D96-48C8-BDA1-186E28AD8075} = {42C5EC3D-FE29-4D03-8D70-026980C432D1}
		{E6D0322A-CE5E-477B-A91D-CF464666519B} = {42C5EC3D-FE29-4D03-8D70-026980C432D1}
		{5907D6C7-46AB-4C8D-B508-4A4BC43DD1F3} = {CF0736A3-FB45-4380-9BC0-8E3FD7EB21D4}
	EndGlobalSection
	GlobalSection(ExtensibilityGlobals) = postSolution
		SolutionGuid = {EA05274D-C0AF-40A2-9037-023259CBBFEF}
	EndGlobalSection
EndGlobal
